
Microsoft Visual Studio Solution File, Format Version 12.00
# Visual Studio Version 17
VisualStudioVersion = 17.13.35931.197 d17.13
MinimumVisualStudioVersion = 10.0.40219.1
Project("{FAE04EC0-301F-11D3-BF4B-00C04F79EFBC}") = "SaleKar", "SaleKar\SaleKar.csproj", "{221EE8BA-F8F8-4846-B579-1405A10E255E}"
EndProject
Global
	GlobalSection(SolutionConfigurationPlatforms) = preSolution
		Debug|Any CPU = Debug|Any CPU
		Release|Any CPU = Release|Any CPU
	EndGlobalSection
	GlobalSection(ProjectConfigurationPlatforms) = postSolution
		{221EE8BA-F8F8-4846-B579-1405A10E255E}.Debug|Any CPU.ActiveCfg = Debug|Any CPU
		{221EE8BA-F8F8-4846-B579-1405A10E255E}.Debug|Any CPU.Build.0 = Debug|Any CPU
		{221EE8BA-F8F8-4846-B579-1405A10E255E}.Release|Any CPU.ActiveCfg = Release|Any CPU
		{221EE8BA-F8F8-4846-B579-1405A10E255E}.Release|Any CPU.Build.0 = Release|Any CPU
	EndGlobalSection
	GlobalSection(SolutionProperties) = preSolution
		HideSolutionNode = FALSE
	EndGlobalSection
	GlobalSection(ExtensibilityGlobals) = postSolution
		SolutionGuid = {53B4A1B0-F588-4E00-AD98-58C03DD722B0}
	EndGlobalSection
EndGlobal
